
Microsoft Visual Studio Solution File, Format Version 12.00
# Visual Studio Version 17
VisualStudioVersion = 17.14.36511.14 d17.14
MinimumVisualStudioVersion = 10.0.40219.1
Project("{FAE04EC0-301F-11D3-BF4B-00C04F79EFBC}") = "HaberSitesiBireysel1", "HaberSitesiBireysel1\HaberSitesiBireysel1.csproj", "{47B633A6-6B57-4910-A843-731C83BB410A}"
EndProject
Global
	GlobalSection(SolutionConfigurationPlatforms) = preSolution
		Debug|Any CPU = Debug|Any CPU
		Release|Any CPU = Release|Any CPU
	EndGlobalSection
	GlobalSection(ProjectConfigurationPlatforms) = postSolution
		{47B633A6-6B57-4910-A843-731C83BB410A}.Debug|Any CPU.ActiveCfg = Debug|Any CPU
		{47B633A6-6B57-4910-A843-731C83BB410A}.Debug|Any CPU.Build.0 = Debug|Any CPU
		{47B633A6-6B57-4910-A843-731C83BB410A}.Release|Any CPU.ActiveCfg = Release|Any CPU
		{47B633A6-6B57-4910-A843-731C83BB410A}.Release|Any CPU.Build.0 = Release|Any CPU
	EndGlobalSection
	GlobalSection(SolutionProperties) = preSolution
		HideSolutionNode = FALSE
	EndGlobalSection
	GlobalSection(ExtensibilityGlobals) = postSolution
		SolutionGuid = {0316A55F-DB6F-4535-BDB3-A946446954DD}
	EndGlobalSection
EndGlobal
